
Microsoft Visual Studio Solution File, Format Version 12.00
# Visual Studio Version 16
VisualStudioVersion = 16.0.29709.97
MinimumVisualStudioVersion = 10.0.40219.1
Project("{FAE04EC0-301F-11D3-BF4B-00C04F79EFBC}") = "Jenkins_Test", "Jenkins_Test\Jenkins_Test.csproj", "{B24869F6-F3A3-40E8-A064-FBCEEC26695D}"
EndProject
Global
	GlobalSection(SolutionConfigurationPlatforms) = preSolution
		Debug|Any CPU = Debug|Any CPU
		Release|Any CPU = Release|Any CPU
	EndGlobalSection
	GlobalSection(ProjectConfigurationPlatforms) = postSolution
		{B24869F6-F3A3-40E8-A064-FBCEEC26695D}.Debug|Any CPU.ActiveCfg = Debug|Any CPU
		{B24869F6-F3A3-40E8-A064-FBCEEC26695D}.Debug|Any CPU.Build.0 = Debug|Any CPU
		{B24869F6-F3A3-40E8-A064-FBCEEC26695D}.Release|Any CPU.ActiveCfg = Release|Any CPU
		{B24869F6-F3A3-40E8-A064-FBCEEC26695D}.Release|Any CPU.Build.0 = Release|Any CPU
	EndGlobalSection
	GlobalSection(SolutionProperties) = preSolution
		HideSolutionNode = FALSE
	EndGlobalSection
	GlobalSection(ExtensibilityGlobals) = postSolution
		SolutionGuid = {5BB87D2E-0194-4180-AA92-F7637A660F51}
	EndGlobalSection
EndGlobal
